
Microsoft Visual Studio Solution File, Format Version 12.00
# Visual Studio Version 17
VisualStudioVersion = 17.10.35013.160
MinimumVisualStudioVersion = 10.0.40219.1
Project("{FAE04EC0-301F-11D3-BF4B-00C04F79EFBC}") = "Kail.InternetBlocker", "Kail.InternetBlocker.csproj", "{5DE1A7D7-4EEE-478D-B868-774E67928B8A}"
EndProject
Project("{FAE04EC0-301F-11D3-BF4B-00C04F79EFBC}") = "Kail.InternetCheckerBlocker", "..\Kail.InternetCheckerBlocker\Kail.InternetCheckerBlocker.csproj", "{1E711353-91E9-4669-8A1E-54BBA1A60B5C}"
EndProject
Global
	GlobalSection(SolutionConfigurationPlatforms) = preSolution
		Debug|Any CPU = Debug|Any CPU
		Release|Any CPU = Release|Any CPU
	EndGlobalSection
	GlobalSection(ProjectConfigurationPlatforms) = postSolution
		{5DE1A7D7-4EEE-478D-B868-774E67928B8A}.Debug|Any CPU.ActiveCfg = Debug|Any CPU
		{5DE1A7D7-4EEE-478D-B868-774E67928B8A}.Debug|Any CPU.Build.0 = Debug|Any CPU
		{5DE1A7D7-4EEE-478D-B868-774E67928B8A}.Release|Any CPU.ActiveCfg = Release|Any CPU
		{5DE1A7D7-4EEE-478D-B868-774E67928B8A}.Release|Any CPU.Build.0 = Release|Any CPU
		{1E711353-91E9-4669-8A1E-54BBA1A60B5C}.Debug|Any CPU.ActiveCfg = Debug|Any CPU
		{1E711353-91E9-4669-8A1E-54BBA1A60B5C}.Debug|Any CPU.Build.0 = Debug|Any CPU
		{1E711353-91E9-4669-8A1E-54BBA1A60B5C}.Release|Any CPU.ActiveCfg = Release|Any CPU
		{1E711353-91E9-4669-8A1E-54BBA1A60B5C}.Release|Any CPU.Build.0 = Release|Any CPU
	EndGlobalSection
	GlobalSection(SolutionProperties) = preSolution
		HideSolutionNode = FALSE
	EndGlobalSection
	GlobalSection(ExtensibilityGlobals) = postSolution
		SolutionGuid = {CADE0169-2B8C-41B9-B403-6848DC8FC407}
	EndGlobalSection
EndGlobal
